
Microsoft Visual Studio Solution File, Format Version 12.00
# Visual Studio Version 17
VisualStudioVersion = 17.9.34622.214
MinimumVisualStudioVersion = 10.0.40219.1
Project("{8BC9CEB8-8B4A-11D0-8D11-00A0C91BC942}") = "EngineBase", "EngineBase\EngineBase.vcxproj", "{EA197215-13BB-4729-9573-DB483A0EE1A3}"
EndProject
Project("{8BC9CEB8-8B4A-11D0-8D11-00A0C91BC942}") = "EnginePlatform", "EnginePlatform\EnginePlatform.vcxproj", "{F0716EC2-0BC5-43EA-9046-B203E0985A67}"
EndProject
Project("{8BC9CEB8-8B4A-11D0-8D11-00A0C91BC942}") = "App", "App\App.vcxproj", "{49932C90-F4A3-48F6-BD01-97DD5696140F}"
	ProjectSection(ProjectDependencies) = postProject
		{37FA132E-B027-4AA3-BFE6-45B5E7842EBE} = {37FA132E-B027-4AA3-BFE6-45B5E7842EBE}
		{AD9E0091-1AE7-48AC-85EC-2EE6A9646535} = {AD9E0091-1AE7-48AC-85EC-2EE6A9646535}
		{EA197215-13BB-4729-9573-DB483A0EE1A3} = {EA197215-13BB-4729-9573-DB483A0EE1A3}
		{F0716EC2-0BC5-43EA-9046-B203E0985A67} = {F0716EC2-0BC5-43EA-9046-B203E0985A67}
	EndProjectSection
EndProject
Project("{2150E333-8FDC-42A3-9474-1A3956D46DE8}") = "Level0", "Level0", "{19945C42-980A-4D32-9E91-103D34C410E5}"
EndProject
Project("{2150E333-8FDC-42A3-9474-1A3956D46DE8}") = "Level1", "Level1", "{2448EFF9-B735-406C-AAFF-2DE663FB72C5}"
EndProject
Project("{2150E333-8FDC-42A3-9474-1A3956D46DE8}") = "Level2", "Level2", "{FF65B35F-6AB1-42BA-BD43-D89C27723577}"
EndProject
Project("{2150E333-8FDC-42A3-9474-1A3956D46DE8}") = "Level3", "Level3", "{6B14C0CA-317F-4638-AD0B-EE26204A48EF}"
EndProject
Project("{2150E333-8FDC-42A3-9474-1A3956D46DE8}") = "Level4", "Level4", "{F20205BB-546D-49B5-839D-1B5449B94450}"
EndProject
Project("{8BC9CEB8-8B4A-11D0-8D11-00A0C91BC942}") = "EngineCore", "EngineCore\EngineCore.vcxproj", "{AD9E0091-1AE7-48AC-85EC-2EE6A9646535}"
	ProjectSection(ProjectDependencies) = postProject
		{EA197215-13BB-4729-9573-DB483A0EE1A3} = {EA197215-13BB-4729-9573-DB483A0EE1A3}
		{F0716EC2-0BC5-43EA-9046-B203E0985A67} = {F0716EC2-0BC5-43EA-9046-B203E0985A67}
	EndProjectSection
EndProject
Project("{8BC9CEB8-8B4A-11D0-8D11-00A0C91BC942}") = "GameCore", "GameCore\GameCore.vcxproj", "{37FA132E-B027-4AA3-BFE6-45B5E7842EBE}"
	ProjectSection(ProjectDependencies) = postProject
		{AD9E0091-1AE7-48AC-85EC-2EE6A9646535} = {AD9E0091-1AE7-48AC-85EC-2EE6A9646535}
		{EA197215-13BB-4729-9573-DB483A0EE1A3} = {EA197215-13BB-4729-9573-DB483A0EE1A3}
		{F0716EC2-0BC5-43EA-9046-B203E0985A67} = {F0716EC2-0BC5-43EA-9046-B203E0985A67}
	EndProjectSection
EndProject
Project("{8BC9CEB8-8B4A-11D0-8D11-00A0C91BC942}") = "EngineShader", "EngineShader\EngineShader.vcxproj", "{75B32F7A-FE27-4C8F-A5CA-5CBBBBC0A406}"
EndProject
Project("{8BC9CEB8-8B4A-11D0-8D11-00A0C91BC942}") = "ContentsShader", "ContentsShader\ContentsShader.vcxproj", "{4422AE8E-F965-43B1-A6E7-C88286C62505}"
EndProject
Global
	GlobalSection(SolutionConfigurationPlatforms) = preSolution
		Debug|x64 = Debug|x64
		Debug|x86 = Debug|x86
		Release|x64 = Release|x64
		Release|x86 = Release|x86
	EndGlobalSection
	GlobalSection(ProjectConfigurationPlatforms) = postSolution
		{EA197215-13BB-4729-9573-DB483A0EE1A3}.Debug|x64.ActiveCfg = Debug|x64
		{EA197215-13BB-4729-9573-DB483A0EE1A3}.Debug|x64.Build.0 = Debug|x64
		{EA197215-13BB-4729-9573-DB483A0EE1A3}.Debug|x86.ActiveCfg = Debug|Win32
		{EA197215-13BB-4729-9573-DB483A0EE1A3}.Debug|x86.Build.0 = Debug|Win32
		{EA197215-13BB-4729-9573-DB483A0EE1A3}.Release|x64.ActiveCfg = Release|x64
		{EA197215-13BB-4729-9573-DB483A0EE1A3}.Release|x64.Build.0 = Release|x64
		{EA197215-13BB-4729-9573-DB483A0EE1A3}.Release|x86.ActiveCfg = Release|Win32
		{EA197215-13BB-4729-9573-DB483A0EE1A3}.Release|x86.Build.0 = Release|Win32
		{F0716EC2-0BC5-43EA-9046-B203E0985A67}.Debug|x64.ActiveCfg = Debug|x64
		{F0716EC2-0BC5-43EA-9046-B203E0985A67}.Debug|x64.Build.0 = Debug|x64
		{F0716EC2-0BC5-43EA-9046-B203E0985A67}.Debug|x86.ActiveCfg = Debug|Win32
		{F0716EC2-0BC5-43EA-9046-B203E0985A67}.Debug|x86.Build.0 = Debug|Win32
		{F0716EC2-0BC5-43EA-9046-B203E0985A67}.Release|x64.ActiveCfg = Release|x64
		{F0716EC2-0BC5-43EA-9046-B203E0985A67}.Release|x64.Build.0 = Release|x64
		{F0716EC2-0BC5-43EA-9046-B203E0985A67}.Release|x86.ActiveCfg = Release|Win32
		{F0716EC2-0BC5-43EA-9046-B203E0985A67}.Release|x86.Build.0 = Release|Win32
		{49932C90-F4A3-48F6-BD01-97DD5696140F}.Debug|x64.ActiveCfg = Debug|x64
		{49932C90-F4A3-48F6-BD01-97DD5696140F}.Debug|x64.Build.0 = Debug|x64
		{49932C90-F4A3-48F6-BD01-97DD5696140F}.Debug|x86.ActiveCfg = Debug|Win32
		{49932C90-F4A3-48F6-BD01-97DD5696140F}.Debug|x86.Build.0 = Debug|Win32
		{49932C90-F4A3-48F6-BD01-97DD5696140F}.Release|x64.ActiveCfg = Release|x64
		{49932C90-F4A3-48F6-BD01-97DD5696140F}.Release|x64.Build.0 = Release|x64
		{49932C90-F4A3-48F6-BD01-97DD5696140F}.Release|x86.ActiveCfg = Release|Win32
		{49932C90-F4A3-48F6-BD01-97DD5696140F}.Release|x86.Build.0 = Release|Win32
		{AD9E0091-1AE7-48AC-85EC-2EE6A9646535}.Debug|x64.ActiveCfg = Debug|x64
		{AD9E0091-1AE7-48AC-85EC-2EE6A9646535}.Debug|x64.Build.0 = Debug|x64
		{AD9E0091-1AE7-48AC-85EC-2EE6A9646535}.Debug|x86.ActiveCfg = Debug|Win32
		{AD9E0091-1AE7-48AC-85EC-2EE6A9646535}.Debug|x86.Build.0 = Debug|Win32
		{AD9E0091-1AE7-48AC-85EC-2EE6A9646535}.Release|x64.ActiveCfg = Release|x64
		{AD9E0091-1AE7-48AC-85EC-2EE6A9646535}.Release|x64.Build.0 = Release|x64
		{AD9E0091-1AE7-48AC-85EC-2EE6A9646535}.Release|x86.ActiveCfg = Release|Win32
		{AD9E0091-1AE7-48AC-85EC-2EE6A9646535}.Release|x86.Build.0 = Release|Win32
		{37FA132E-B027-4AA3-BFE6-45B5E7842EBE}.Debug|x64.ActiveCfg = Debug|x64
		{37FA132E-B027-4AA3-BFE6-45B5E7842EBE}.Debug|x64.Build.0 = Debug|x64
		{37FA132E-B027-4AA3-BFE6-45B5E7842EBE}.Debug|x86.ActiveCfg = Debug|Win32
		{37FA132E-B027-4AA3-BFE6-45B5E7842EBE}.Debug|x86.Build.0 = Debug|Win32
		{37FA132E-B027-4AA3-BFE6-45B5E7842EBE}.Release|x64.ActiveCfg = Release|x64
		{37FA132E-B027-4AA3-BFE6-45B5E7842EBE}.Release|x64.Build.0 = Release|x64
		{37FA132E-B027-4AA3-BFE6-45B5E7842EBE}.Release|x86.ActiveCfg = Release|Win32
		{37FA132E-B027-4AA3-BFE6-45B5E7842EBE}.Release|x86.Build.0 = Release|Win32
		{75B32F7A-FE27-4C8F-A5CA-5CBBBBC0A406}.Debug|x64.ActiveCfg = Debug|x64
		{75B32F7A-FE27-4C8F-A5CA-5CBBBBC0A406}.Debug|x64.Build.0 = Debug|x64
		{75B32F7A-FE27-4C8F-A5CA-5CBBBBC0A406}.Debug|x86.ActiveCfg = Debug|Win32
		{75B32F7A-FE27-4C8F-A5CA-5CBBBBC0A406}.Debug|x86.Build.0 = Debug|Win32
		{75B32F7A-FE27-4C8F-A5CA-5CBBBBC0A406}.Release|x64.ActiveCfg = Release|x64
		{75B32F7A-FE27-4C8F-A5CA-5CBBBBC0A406}.Release|x64.Build.0 = Release|x64
		{75B32F7A-FE27-4C8F-A5CA-5CBBBBC0A406}.Release|x86.ActiveCfg = Release|Win32
		{75B32F7A-FE27-4C8F-A5CA-5CBBBBC0A406}.Release|x86.Build.0 = Release|Win32
		{4422AE8E-F965-43B1-A6E7-C88286C62505}.Debug|x64.ActiveCfg = Debug|x64
		{4422AE8E-F965-43B1-A6E7-C88286C62505}.Debug|x64.Build.0 = Debug|x64
		{4422AE8E-F965-43B1-A6E7-C88286C62505}.Debug|x86.ActiveCfg = Debug|Win32
		{4422AE8E-F965-43B1-A6E7-C88286C62505}.Debug|x86.Build.0 = Debug|Win32
		{4422AE8E-F965-43B1-A6E7-C88286C62505}.Release|x64.ActiveCfg = Release|x64
		{4422AE8E-F965-43B1-A6E7-C88286C62505}.Release|x64.Build.0 = Release|x64
		{4422AE8E-F965-43B1-A6E7-C88286C62505}.Release|x86.ActiveCfg = Release|Win32
		{4422AE8E-F965-43B1-A6E7-C88286C62505}.Release|x86.Build.0 = Release|Win32
	EndGlobalSection
	GlobalSection(SolutionProperties) = preSolution
		HideSolutionNode = FALSE
	EndGlobalSection
	GlobalSection(NestedProjects) = preSolution
		{EA197215-13BB-4729-9573-DB483A0EE1A3} = {19945C42-980A-4D32-9E91-103D34C410E5}
		{F0716EC2-0BC5-43EA-9046-B203E0985A67} = {2448EFF9-B735-406C-AAFF-2DE663FB72C5}
		{49932C90-F4A3-48F6-BD01-97DD5696140F} = {F20205BB-546D-49B5-839D-1B5449B94450}
		{AD9E0091-1AE7-48AC-85EC-2EE6A9646535} = {FF65B35F-6AB1-42BA-BD43-D89C27723577}
		{37FA132E-B027-4AA3-BFE6-45B5E7842EBE} = {6B14C0CA-317F-4638-AD0B-EE26204A48EF}
		{75B32F7A-FE27-4C8F-A5CA-5CBBBBC0A406} = {FF65B35F-6AB1-42BA-BD43-D89C27723577}
		{4422AE8E-F965-43B1-A6E7-C88286C62505} = {6B14C0CA-317F-4638-AD0B-EE26204A48EF}
	EndGlobalSection
	GlobalSection(ExtensibilityGlobals) = postSolution
		SolutionGuid = {49D6730C-6BB4-4692-B417-A9D4A972F9CA}
	EndGlobalSection
EndGlobal
