<?xml version="1.0" encoding="utf-8"?>
<Project ToolsVersion="4.0" xmlns="http://schemas.microsoft.com/developer/msbuild/2003">
  <ItemGroup>
    <ClCompile Include="DungreedCore.cpp">
      <Filter>Core</Filter>
    </ClCompile>
    <ClCompile Include="PlayGameMode.cpp">
      <Filter>Level\02. PlayLevel</Filter>
    </ClCompile>
    <ClCompile Include="Player.cpp">
      <Filter>Level\02. PlayLevel\Actor</Filter>
    </ClCompile>
    <ClCompile Include="PreCompile.cpp">
      <Filter>PreCompile</Filter>
    </ClCompile>
    <ClCompile Include="TitleGameMode.cpp">
      <Filter>Level\01. TitleLevel</Filter>
    </ClCompile>
    <ClCompile Include="TitleImage.cpp">
      <Filter>Level\01. TitleLevel\Actor</Filter>
    </ClCompile>
    <ClCompile Include="Background.cpp">
      <Filter>Level\02. PlayLevel\Actor</Filter>
    </ClCompile>
    <ClCompile Include="DungreedConstValue.cpp">
      <Filter>Option</Filter>
    </ClCompile>
    <ClCompile Include="PlayerState.cpp">
      <Filter>Level\02. PlayLevel\Actor</Filter>
    </ClCompile>
    <ClCompile Include="ContentsGUI.cpp">
      <Filter>GUI</Filter>
    </ClCompile>
    <ClCompile Include="MapEditorGUI.cpp">
      <Filter>GUI</Filter>
    </ClCompile>
    <ClCompile Include="TileMapMode.cpp">
      <Filter>Level\00. TileMapLevel</Filter>
    </ClCompile>
    <ClCompile Include="TileMap.cpp">
      <Filter>Level\00. TileMapLevel\Actor</Filter>
    </ClCompile>
    <ClCompile Include="CreateMapMode.cpp">
      <Filter>Level\00. CreateMapLevel</Filter>
    </ClCompile>
    <ClCompile Include="MyMap.cpp">
      <Filter>Level\00. CreateMapLevel\Actor</Filter>
    </ClCompile>
    <ClCompile Include="Cursor.cpp">
      <Filter>Level\02. PlayLevel\Actor</Filter>
    </ClCompile>
    <ClCompile Include="PlayerAttEffect.cpp">
      <Filter>Level\02. PlayLevel\Actor</Filter>
    </ClCompile>
    <ClCompile Include="BossStageMode.cpp">
      <Filter>Level\03. BossStageLevel</Filter>
    </ClCompile>
    <ClCompile Include="BossStageMap.cpp">
      <Filter>Level\03. BossStageLevel\Actor</Filter>
    </ClCompile>
    <ClCompile Include="Envyrok.cpp">
      <Filter>Level\03. BossStageLevel\Actor</Filter>
    </ClCompile>
    <ClCompile Include="AfterImage.cpp">
      <Filter>Level\02. PlayLevel\Actor</Filter>
    </ClCompile>
  </ItemGroup>
  <ItemGroup>
    <ClInclude Include="DungreedCore.h">
      <Filter>Core</Filter>
    </ClInclude>
    <ClInclude Include="PlayGameMode.h">
      <Filter>Level\02. PlayLevel</Filter>
    </ClInclude>
    <ClInclude Include="Player.h">
      <Filter>Level\02. PlayLevel\Actor</Filter>
    </ClInclude>
    <ClInclude Include="PreCompile.h">
      <Filter>PreCompile</Filter>
    </ClInclude>
    <ClInclude Include="TitleGameMode.h">
      <Filter>Level\01. TitleLevel</Filter>
    </ClInclude>
    <ClInclude Include="TitleImage.h">
      <Filter>Level\01. TitleLevel\Actor</Filter>
    </ClInclude>
    <ClInclude Include="Background.h">
      <Filter>Level\02. PlayLevel\Actor</Filter>
    </ClInclude>
    <ClInclude Include="DungreedConstValue.h">
      <Filter>Option</Filter>
    </ClInclude>
    <ClInclude Include="DungreedEnum.h">
      <Filter>Option</Filter>
    </ClInclude>
    <ClInclude Include="ContentsGUI.h">
      <Filter>GUI</Filter>
    </ClInclude>
    <ClInclude Include="MapEditorGUI.h">
      <Filter>GUI</Filter>
    </ClInclude>
    <ClInclude Include="TileMapMode.h">
      <Filter>Level\00. TileMapLevel</Filter>
    </ClInclude>
    <ClInclude Include="TileMap.h">
      <Filter>Level\00. TileMapLevel\Actor</Filter>
    </ClInclude>
    <ClInclude Include="CreateMapMode.h">
      <Filter>Level\00. CreateMapLevel</Filter>
    </ClInclude>
    <ClInclude Include="MyMap.h">
      <Filter>Level\00. CreateMapLevel\Actor</Filter>
    </ClInclude>
    <ClInclude Include="Cursor.h">
      <Filter>Level\02. PlayLevel\Actor</Filter>
    </ClInclude>
    <ClInclude Include="PlayerAttEffect.h">
      <Filter>Level\02. PlayLevel\Actor</Filter>
    </ClInclude>
    <ClInclude Include="BossStageMode.h">
      <Filter>Level\03. BossStageLevel</Filter>
    </ClInclude>
    <ClInclude Include="BossStageMap.h">
      <Filter>Level\03. BossStageLevel\Actor</Filter>
    </ClInclude>
    <ClInclude Include="Envyrok.h">
      <Filter>Level\03. BossStageLevel\Actor</Filter>
    </ClInclude>
    <ClInclude Include="AfterImage.h">
      <Filter>Level\02. PlayLevel\Actor</Filter>
    </ClInclude>
  </ItemGroup>
  <ItemGroup>
    <Filter Include="Core">
      <UniqueIdentifier>{cdadc507-0750-4c61-8a92-466531c3f045}</UniqueIdentifier>
    </Filter>
    <Filter Include="Level">
      <UniqueIdentifier>{46ec390e-358e-4737-9d7b-85e629c12bf6}</UniqueIdentifier>
    </Filter>
    <Filter Include="PreCompile">
      <UniqueIdentifier>{ca6b2e85-8502-441c-97e9-7f40dbe55370}</UniqueIdentifier>
    </Filter>
    <Filter Include="Option">
      <UniqueIdentifier>{a549623e-478d-487e-bdfa-2b6039f2b87f}</UniqueIdentifier>
    </Filter>
    <Filter Include="GUI">
      <UniqueIdentifier>{d02d1f22-0771-47ff-b325-492de92c4082}</UniqueIdentifier>
    </Filter>
    <Filter Include="Level\00. CreateMapLevel">
      <UniqueIdentifier>{52ce011b-4e9e-4fae-acdc-d146aac7cc1f}</UniqueIdentifier>
    </Filter>
    <Filter Include="Level\00. CreateMapLevel\Actor">
      <UniqueIdentifier>{0858b302-cb6c-44ed-aa93-a7973275b1c3}</UniqueIdentifier>
    </Filter>
    <Filter Include="Level\00. TileMapLevel">
      <UniqueIdentifier>{d43db1c9-b8fd-41fc-a3ea-cd6cbc4ec609}</UniqueIdentifier>
    </Filter>
    <Filter Include="Level\00. TileMapLevel\Actor">
      <UniqueIdentifier>{bdbb71c5-2e41-4ef6-a8a4-d02e8fcc4e37}</UniqueIdentifier>
    </Filter>
    <Filter Include="Level\01. TitleLevel">
      <UniqueIdentifier>{6c01fc04-7696-449f-9b11-7cbab330636e}</UniqueIdentifier>
    </Filter>
    <Filter Include="Level\01. TitleLevel\Actor">
      <UniqueIdentifier>{05955cd7-2b5d-4833-b1d7-1ab1fdaf4617}</UniqueIdentifier>
    </Filter>
    <Filter Include="Level\02. PlayLevel">
      <UniqueIdentifier>{439de66a-6ef8-4585-9350-d7e1a15e92d7}</UniqueIdentifier>
    </Filter>
    <Filter Include="Level\02. PlayLevel\Actor">
      <UniqueIdentifier>{59672136-0515-44b8-afd9-2264780cf9e8}</UniqueIdentifier>
    </Filter>
    <Filter Include="Level\03. BossStageLevel">
      <UniqueIdentifier>{56313e04-40a3-4a6a-8809-132d1adeb76f}</UniqueIdentifier>
    </Filter>
    <Filter Include="Level\03. BossStageLevel\Actor">
      <UniqueIdentifier>{8be680e9-134e-40c2-ae56-90b1307a5064}</UniqueIdentifier>
    </Filter>
  </ItemGroup>
</Project>